// !$*UTF8*$!
{
	archiveVersion = 1;
	classes = {
	};
	objectVersion = 48;
	objects = {

/* Begin PBXBuildFile section */
		87166136201D0D4A00C112D3 /* TrackCell.swift in Sources */ = {isa = PBXBuildFile; fileRef = 87166135201D0D4A00C112D3 /* TrackCell.swift */; };
		87166138201DE79900C112D3 /* RoundedImageView.swift in Sources */ = {isa = PBXBuildFile; fileRef = 87166137201DE79900C112D3 /* RoundedImageView.swift */; };
		87A4817A201A5EE2006AF8BD /* AlbumCell.swift in Sources */ = {isa = PBXBuildFile; fileRef = 87A48179201A5EE2006AF8BD /* AlbumCell.swift */; };
		87C27321201CDEF700C42E63 /* AlbumDetailVC.swift in Sources */ = {isa = PBXBuildFile; fileRef = 87C27320201CDEF700C42E63 /* AlbumDetailVC.swift */; };
		87C27323201CF9E400C42E63 /* Track.swift in Sources */ = {isa = PBXBuildFile; fileRef = 87C27322201CF9E400C42E63 /* Track.swift */; };
		87D41E272017B8AD0048A141 /* AppDelegate.swift in Sources */ = {isa = PBXBuildFile; fileRef = 87D41E262017B8AD0048A141 /* AppDelegate.swift */; };
		87D41E292017B8AD0048A141 /* MainVC.swift in Sources */ = {isa = PBXBuildFile; fileRef = 87D41E282017B8AD0048A141 /* MainVC.swift */; };
		87D41E2C2017B8AD0048A141 /* Main.storyboard in Resources */ = {isa = PBXBuildFile; fileRef = 87D41E2A2017B8AD0048A141 /* Main.storyboard */; };
		87D41E2E2017B8AD0048A141 /* Assets.xcassets in Resources */ = {isa = PBXBuildFile; fileRef = 87D41E2D2017B8AD0048A141 /* Assets.xcassets */; };
		87D41E312017B8AD0048A141 /* LaunchScreen.storyboard in Resources */ = {isa = PBXBuildFile; fileRef = 87D41E2F2017B8AD0048A141 /* LaunchScreen.storyboard */; };
		87D41E392017BA7D0048A141 /* DataService.swift in Sources */ = {isa = PBXBuildFile; fileRef = 87D41E382017BA7D0048A141 /* DataService.swift */; };
		87D41E3D2017CE7F0048A141 /* Album.swift in Sources */ = {isa = PBXBuildFile; fileRef = 87D41E3C2017CE7F0048A141 /* Album.swift */; };
/* End PBXBuildFile section */

/* Begin PBXFileReference section */
		87166135201D0D4A00C112D3 /* TrackCell.swift */ = {isa = PBXFileReference; lastKnownFileType = sourcecode.swift; path = TrackCell.swift; sourceTree = "<group>"; };
		87166137201DE79900C112D3 /* RoundedImageView.swift */ = {isa = PBXFileReference; lastKnownFileType = sourcecode.swift; path = RoundedImageView.swift; sourceTree = "<group>"; };
		87A48179201A5EE2006AF8BD /* AlbumCell.swift */ = {isa = PBXFileReference; lastKnownFileType = sourcecode.swift; path = AlbumCell.swift; sourceTree = "<group>"; };
		87C27320201CDEF700C42E63 /* AlbumDetailVC.swift */ = {isa = PBXFileReference; lastKnownFileType = sourcecode.swift; path = AlbumDetailVC.swift; sourceTree = "<group>"; };
		87C27322201CF9E400C42E63 /* Track.swift */ = {isa = PBXFileReference; lastKnownFileType = sourcecode.swift; path = Track.swift; sourceTree = "<group>"; };
		87D41E232017B8AD0048A141 /* AlbumSearch.app */ = {isa = PBXFileReference; explicitFileType = wrapper.application; includeInIndex = 0; path = AlbumSearch.app; sourceTree = BUILT_PRODUCTS_DIR; };
		87D41E262017B8AD0048A141 /* AppDelegate.swift */ = {isa = PBXFileReference; lastKnownFileType = sourcecode.swift; path = AppDelegate.swift; sourceTree = "<group>"; };
		87D41E282017B8AD0048A141 /* MainVC.swift */ = {isa = PBXFileReference; lastKnownFileType = sourcecode.swift; path = MainVC.swift; sourceTree = "<group>"; };
		87D41E2B2017B8AD0048A141 /* Base */ = {isa = PBXFileReference; lastKnownFileType = file.storyboard; name = Base; path = Base.lproj/Main.storyboard; sourceTree = "<group>"; };
		87D41E2D2017B8AD0048A141 /* Assets.xcassets */ = {isa = PBXFileReference; lastKnownFileType = folder.assetcatalog; path = Assets.xcassets; sourceTree = "<group>"; };
		87D41E302017B8AD0048A141 /* Base */ = {isa = PBXFileReference; lastKnownFileType = file.storyboard; name = Base; path = Base.lproj/LaunchScreen.storyboard; sourceTree = "<group>"; };
		87D41E322017B8AD0048A141 /* Info.plist */ = {isa = PBXFileReference; lastKnownFileType = text.plist.xml; path = Info.plist; sourceTree = "<group>"; };
		87D41E382017BA7D0048A141 /* DataService.swift */ = {isa = PBXFileReference; lastKnownFileType = sourcecode.swift; path = DataService.swift; sourceTree = "<group>"; };
		87D41E3C2017CE7F0048A141 /* Album.swift */ = {isa = PBXFileReference; lastKnownFileType = sourcecode.swift; path = Album.swift; sourceTree = "<group>"; };
/* End PBXFileReference section */

/* Begin PBXFrameworksBuildPhase section */
		87D41E202017B8AD0048A141 /* Frameworks */ = {
			isa = PBXFrameworksBuildPhase;
			buildActionMask = 2147483647;
			files = (
			);
			runOnlyForDeploymentPostprocessing = 0;
		};
/* End PBXFrameworksBuildPhase section */

/* Begin PBXGroup section */
		87A48178201A5E7E006AF8BD /* View */ = {
			isa = PBXGroup;
			children = (
				87A48179201A5EE2006AF8BD /* AlbumCell.swift */,
				87166135201D0D4A00C112D3 /* TrackCell.swift */,
				87166137201DE79900C112D3 /* RoundedImageView.swift */,
			);
			path = View;
			sourceTree = "<group>";
		};
		87D41E1A2017B8AD0048A141 = {
			isa = PBXGroup;
			children = (
				87D41E252017B8AD0048A141 /* AlbumSearch */,
				87D41E242017B8AD0048A141 /* Products */,
			);
			sourceTree = "<group>";
		};
		87D41E242017B8AD0048A141 /* Products */ = {
			isa = PBXGroup;
			children = (
				87D41E232017B8AD0048A141 /* AlbumSearch.app */,
			);
			name = Products;
			sourceTree = "<group>";
		};
		87D41E252017B8AD0048A141 /* AlbumSearch */ = {
			isa = PBXGroup;
			children = (
				87D41E262017B8AD0048A141 /* AppDelegate.swift */,
				87D41E382017BA7D0048A141 /* DataService.swift */,
				87D41E3B2017CE6B0048A141 /* Model */,
				87A48178201A5E7E006AF8BD /* View */,
				87D41E3A2017CE590048A141 /* Controller */,
				87D41E2A2017B8AD0048A141 /* Main.storyboard */,
				87D41E2D2017B8AD0048A141 /* Assets.xcassets */,
				87D41E2F2017B8AD0048A141 /* LaunchScreen.storyboard */,
				87D41E322017B8AD0048A141 /* Info.plist */,
			);
			path = AlbumSearch;
			sourceTree = "<group>";
		};
		87D41E3A2017CE590048A141 /* Controller */ = {
			isa = PBXGroup;
			children = (
				87D41E282017B8AD0048A141 /* MainVC.swift */,
				87C27320201CDEF700C42E63 /* AlbumDetailVC.swift */,
			);
			path = Controller;
			sourceTree = "<group>";
		};
		87D41E3B2017CE6B0048A141 /* Model */ = {
			isa = PBXGroup;
			children = (
				87D41E3C2017CE7F0048A141 /* Album.swift */,
				87C27322201CF9E400C42E63 /* Track.swift */,
			);
			path = Model;
			sourceTree = "<group>";
		};
/* End PBXGroup section */

/* Begin PBXNativeTarget section */
		87D41E222017B8AD0048A141 /* AlbumSearch */ = {
			isa = PBXNativeTarget;
			buildConfigurationList = 87D41E352017B8AD0048A141 /* Build configuration list for PBXNativeTarget "AlbumSearch" */;
			buildPhases = (
				87D41E1F2017B8AD0048A141 /* Sources */,
				87D41E202017B8AD0048A141 /* Frameworks */,
				87D41E212017B8AD0048A141 /* Resources */,
			);
			buildRules = (
			);
			dependencies = (
			);
			name = AlbumSearch;
			productName = AlbumSearch;
			productReference = 87D41E232017B8AD0048A141 /* AlbumSearch.app */;
			productType = "com.apple.product-type.application";
		};
/* End PBXNativeTarget section */

/* Begin PBXProject section */
		87D41E1B2017B8AD0048A141 /* Project object */ = {
			isa = PBXProject;
			attributes = {
				LastSwiftUpdateCheck = 0920;
				LastUpgradeCheck = 0920;
				ORGANIZATIONNAME = "Ruslan Akberov";
				TargetAttributes = {
					87D41E222017B8AD0048A141 = {
						CreatedOnToolsVersion = 9.2;
						ProvisioningStyle = Automatic;
					};
				};
			};
			buildConfigurationList = 87D41E1E2017B8AD0048A141 /* Build configuration list for PBXProject "AlbumSearch" */;
			compatibilityVersion = "Xcode 8.0";
			developmentRegion = en;
			hasScannedForEncodings = 0;
			knownRegions = (
				en,
				Base,
			);
			mainGroup = 87D41E1A2017B8AD0048A141;
			productRefGroup = 87D41E242017B8AD0048A141 /* Products */;
			projectDirPath = "";
			projectRoot = "";
			targets = (
				87D41E222017B8AD0048A141 /* AlbumSearch */,
			);
		};
/* End PBXProject section */

/* Begin PBXResourcesBuildPhase section */
		87D41E212017B8AD0048A141 /* Resources */ = {
			isa = PBXResourcesBuildPhase;
			buildActionMask = 2147483647;
			files = (
				87D41E312017B8AD0048A141 /* LaunchScreen.storyboard in Resources */,
				87D41E2E2017B8AD0048A141 /* Assets.xcassets in Resources */,
				87D41E2C2017B8AD0048A141 /* Main.storyboard in Resources */,
			);
			runOnlyForDeploymentPostprocessing = 0;
		};
/* End PBXResourcesBuildPhase section */

/* Begin PBXSourcesBuildPhase section */
		87D41E1F2017B8AD0048A141 /* Sources */ = {
			isa = PBXSourcesBuildPhase;
			buildActionMask = 2147483647;
			files = (
				87C27323201CF9E400C42E63 /* Track.swift in Sources */,
				87166136201D0D4A00C112D3 /* TrackCell.swift in Sources */,
				87D41E292017B8AD0048A141 /* MainVC.swift in Sources */,
				87166138201DE79900C112D3 /* RoundedImageView.swift in Sources */,
				87C27321201CDEF700C42E63 /* AlbumDetailVC.swift in Sources */,
				87D41E392017BA7D0048A141 /* DataService.swift in Sources */,
				87A4817A201A5EE2006AF8BD /* AlbumCell.swift in Sources */,
				87D41E272017B8AD0048A141 /* AppDelegate.swift in Sources */,
				87D41E3D2017CE7F0048A141 /* Album.swift in Sources */,
			);
			runOnlyForDeploymentPostprocessing = 0;
		};
/* End PBXSourcesBuildPhase section */

/* Begin PBXVariantGroup section */
		87D41E2A2017B8AD0048A141 /* Main.storyboard */ = {
			isa = PBXVariantGroup;
			children = (
				87D41E2B2017B8AD0048A141 /* Base */,
			);
			name = Main.storyboard;
			sourceTree = "<group>";
		};
		87D41E2F2017B8AD0048A141 /* LaunchScreen.storyboard */ = {
			isa = PBXVariantGroup;
			children = (
				87D41E302017B8AD0048A141 /* Base */,
			);
			name = LaunchScreen.storyboard;
			sourceTree = "<group>";
		};
/* End PBXVariantGroup section */

/* Begin XCBuildConfiguration section */
		87D41E332017B8AD0048A141 /* Debug */ = {
			isa = XCBuildConfiguration;
			buildSettings = {
				ALWAYS_SEARCH_USER_PATHS = NO;
				CLANG_ANALYZER_NONNULL = YES;
				CLANG_ANALYZER_NUMBER_OBJECT_CONVERSION = YES_AGGRESSIVE;
				CLANG_CXX_LANGUAGE_STANDARD = "gnu++14";
				CLANG_CXX_LIBRARY = "libc++";
				CLANG_ENABLE_MODULES = YES;
				CLANG_ENABLE_OBJC_ARC = YES;
				CLANG_WARN_BLOCK_CAPTURE_AUTORELEASING = YES;
				CLANG_WARN_BOOL_CONVERSION = YES;
				CLANG_WARN_COMMA = YES;
				CLANG_WARN_CONSTANT_CONVERSION = YES;
				CLANG_WARN_DIRECT_OBJC_ISA_USAGE = YES_ERROR;
				CLANG_WARN_DOCUMENTATION_COMMENTS = YES;
				CLANG_WARN_EMPTY_BODY = YES;
				CLANG_WARN_ENUM_CONVERSION = YES;
				CLANG_WARN_INFINITE_RECURSION = YES;
				CLANG_WARN_INT_CONVERSION = YES;
				CLANG_WARN_NON_LITERAL_NULL_CONVERSION = YES;
				CLANG_WARN_OBJC_LITERAL_CONVERSION = YES;
				CLANG_WARN_OBJC_ROOT_CLASS = YES_ERROR;
				CLANG_WARN_RANGE_LOOP_ANALYSIS = YES;
				CLANG_WARN_STRICT_PROTOTYPES = YES;
				CLANG_WARN_SUSPICIOUS_MOVE = YES;
				CLANG_WARN_UNGUARDED_AVAILABILITY = YES_AGGRESSIVE;
				CLANG_WARN_UNREACHABLE_CODE = YES;
				CLANG_WARN__DUPLICATE_METHOD_MATCH = YES;
				CODE_SIGN_IDENTITY = "iPhone Developer";
				COPY_PHASE_STRIP = NO;
				DEBUG_INFORMATION_FORMAT = dwarf;
				ENABLE_STRICT_OBJC_MSGSEND = YES;
				ENABLE_TESTABILITY = YES;
				GCC_C_LANGUAGE_STANDARD = gnu11;
				GCC_DYNAMIC_NO_PIC = NO;
				GCC_NO_COMMON_BLOCKS = YES;
				GCC_OPTIMIZATION_LEVEL = 0;
				GCC_PREPROCESSOR_DEFINITIONS = (
					"DEBUG=1",
					"$(inherited)",
				);
				GCC_WARN_64_TO_32_BIT_CONVERSION = YES;
				GCC_WARN_ABOUT_RETURN_TYPE = YES_ERROR;
				GCC_WARN_UNDECLARED_SELECTOR = YES;
				GCC_WARN_UNINITIALIZED_AUTOS = YES_AGGRESSIVE;
				GCC_WARN_UNUSED_FUNCTION = YES;
				GCC_WARN_UNUSED_VARIABLE = YES;
				IPHONEOS_DEPLOYMENT_TARGET = 11.2;
				MTL_ENABLE_DEBUG_INFO = YES;
				ONLY_ACTIVE_ARCH = YES;
				SDKROOT = iphoneos;
				SWIFT_ACTIVE_COMPILATION_CONDITIONS = DEBUG;
				SWIFT_OPTIMIZATION_LEVEL = "-Onone";
			};
			name = Debug;
		};
		87D41E342017B8AD0048A141 /* Release */ = {
			isa = XCBuildConfiguration;
			buildSettings = {
				ALWAYS_SEARCH_USER_PATHS = NO;
				CLANG_ANALYZER_NONNULL = YES;
				CLANG_ANALYZER_NUMBER_OBJECT_CONVERSION = YES_AGGRESSIVE;
				CLANG_CXX_LANGUAGE_STANDARD = "gnu++14";
				CLANG_CXX_LIBRARY = "libc++";
				CLANG_ENABLE_MODULES = YES;
				CLANG_ENABLE_OBJC_ARC = YES;
				CLANG_WARN_BLOCK_CAPTURE_AUTORELEASING = YES;
				CLANG_WARN_BOOL_CONVERSION = YES;
				CLANG_WARN_COMMA = YES;
				CLANG_WARN_CONSTANT_CONVERSION = YES;
				CLANG_WARN_DIRECT_OBJC_ISA_USAGE = YES_ERROR;
				CLANG_WARN_DOCUMENTATION_COMMENTS = YES;
				CLANG_WARN_EMPTY_BODY = YES;
				CLANG_WARN_ENUM_CONVERSION = YES;
				CLANG_WARN_INFINITE_RECURSION = YES;
				CLANG_WARN_INT_CONVERSION = YES;
				CLANG_WARN_NON_LITERAL_NULL_CONVERSION = YES;
				CLANG_WARN_OBJC_LITERAL_CONVERSION = YES;
				CLANG_WARN_OBJC_ROOT_CLASS = YES_ERROR;
				CLANG_WARN_RANGE_LOOP_ANALYSIS = YES;
				CLANG_WARN_STRICT_PROTOTYPES = YES;
				CLANG_WARN_SUSPICIOUS_MOVE = YES;
				CLANG_WARN_UNGUARDED_AVAILABILITY = YES_AGGRESSIVE;
				CLANG_WARN_UNREACHABLE_CODE = YES;
				CLANG_WARN__DUPLICATE_METHOD_MATCH = YES;
				CODE_SIGN_IDENTITY = "iPhone Developer";
				COPY_PHASE_STRIP = NO;
				DEBUG_INFORMATION_FORMAT = "dwarf-with-dsym";
				ENABLE_NS_ASSERTIONS = NO;
				ENABLE_STRICT_OBJC_MSGSEND = YES;
				GCC_C_LANGUAGE_STANDARD = gnu11;
				GCC_NO_COMMON_BLOCKS = YES;
				GCC_WARN_64_TO_32_BIT_CONVERSION = YES;
				GCC_WARN_ABOUT_RETURN_TYPE = YES_ERROR;
				GCC_WARN_UNDECLARED_SELECTOR = YES;
				GCC_WARN_UNINITIALIZED_AUTOS = YES_AGGRESSIVE;
				GCC_WARN_UNUSED_FUNCTION = YES;
				GCC_WARN_UNUSED_VARIABLE = YES;
				IPHONEOS_DEPLOYMENT_TARGET = 11.2;
				MTL_ENABLE_DEBUG_INFO = NO;
				SDKROOT = iphoneos;
				SWIFT_OPTIMIZATION_LEVEL = "-Owholemodule";
				VALIDATE_PRODUCT = YES;
			};
			name = Release;
		};
		87D41E362017B8AD0048A141 /* Debug */ = {
			isa = XCBuildConfiguration;
			buildSettings = {
				ASSETCATALOG_COMPILER_APPICON_NAME = AppIcon;
				CODE_SIGN_STYLE = Automatic;
				DEVELOPMENT_TEAM = JMYF9P9VY4;
				INFOPLIST_FILE = AlbumSearch/Info.plist;
				IPHONEOS_DEPLOYMENT_TARGET = 10.0;
				LD_RUNPATH_SEARCH_PATHS = "$(inherited) @executable_path/Frameworks";
				PRODUCT_BUNDLE_IDENTIFIER = com.akberovapps.AlbumSearch;
				PRODUCT_NAME = "$(TARGET_NAME)";
				SWIFT_VERSION = 4.0;
				TARGETED_DEVICE_FAMILY = "1,2";
			};
			name = Debug;
		};
		87D41E372017B8AD0048A141 /* Release */ = {
			isa = XCBuildConfiguration;
			buildSettings = {
				ASSETCATALOG_COMPILER_APPICON_NAME = AppIcon;
				CODE_SIGN_STYLE = Automatic;
				DEVELOPMENT_TEAM = JMYF9P9VY4;
				INFOPLIST_FILE = AlbumSearch/Info.plist;
				IPHONEOS_DEPLOYMENT_TARGET = 10.0;
				LD_RUNPATH_SEARCH_PATHS = "$(inherited) @executable_path/Frameworks";
				PRODUCT_BUNDLE_IDENTIFIER = com.akberovapps.AlbumSearch;
				PRODUCT_NAME = "$(TARGET_NAME)";
				SWIFT_VERSION = 4.0;
				TARGETED_DEVICE_FAMILY = "1,2";
			};
			name = Release;
		};
/* End XCBuildConfiguration section */

/* Begin XCConfigurationList section */
		87D41E1E2017B8AD0048A141 /* Build configuration list for PBXProject "AlbumSearch" */ = {
			isa = XCConfigurationList;
			buildConfigurations = (
				87D41E332017B8AD0048A141 /* Debug */,
				87D41E342017B8AD0048A141 /* Release */,
			);
			defaultConfigurationIsVisible = 0;
			defaultConfigurationName = Release;
		};
		87D41E352017B8AD0048A141 /* Build configuration list for PBXNativeTarget "AlbumSearch" */ = {
			isa = XCConfigurationList;
			buildConfigurations = (
				87D41E362017B8AD0048A141 /* Debug */,
				87D41E372017B8AD0048A141 /* Release */,
			);
			defaultConfigurationIsVisible = 0;
			defaultConfigurationName = Release;
		};
/* End XCConfigurationList section */
	};
	rootObject = 87D41E1B2017B8AD0048A141 /* Project object */;
}
